// !$*UTF8*$!
{
	archiveVersion = 1;
	classes = {
	};
	objectVersion = 55;
	objects = {

/* Begin PBXBuildFile section */
		13C0E4A228573795004ABE1D /* RecordDetailView.swift in Sources */ = {isa = PBXBuildFile; fileRef = 13C0E4A128573795004ABE1D /* RecordDetailView.swift */; };
		3D49B5AE285A02B50054FDED /* StoryModalView.swift in Sources */ = {isa = PBXBuildFile; fileRef = 3D49B5AD285A02B50054FDED /* StoryModalView.swift */; };
		3D49B5B0285A41570054FDED /* PhotoModalView.swift in Sources */ = {isa = PBXBuildFile; fileRef = 3D49B5AF285A41570054FDED /* PhotoModalView.swift */; };
		3D593E472858530B00E481C7 /* WritingModalView.swift in Sources */ = {isa = PBXBuildFile; fileRef = 3D593E462858530B00E481C7 /* WritingModalView.swift */; };
		7906EFED28577D950064056F /* WriteView.swift in Sources */ = {isa = PBXBuildFile; fileRef = 7906EFEC28577D950064056F /* WriteView.swift */; };
		79418F7B2858C17C00F844BD /* ImagePicker.swift in Sources */ = {isa = PBXBuildFile; fileRef = 79418F7A2858C17C00F844BD /* ImagePicker.swift */; };
		794AD0072851EEA700414667 /* RecordApp.swift in Sources */ = {isa = PBXBuildFile; fileRef = 794AD0062851EEA700414667 /* RecordApp.swift */; };
		794AD00B2851EEA900414667 /* Assets.xcassets in Resources */ = {isa = PBXBuildFile; fileRef = 794AD00A2851EEA900414667 /* Assets.xcassets */; };
		794AD00E2851EEA900414667 /* Preview Assets.xcassets in Resources */ = {isa = PBXBuildFile; fileRef = 794AD00D2851EEA900414667 /* Preview Assets.xcassets */; };
		8715A798285531AB001AB4F5 /* SearchView.swift in Sources */ = {isa = PBXBuildFile; fileRef = 8715A797285531AB001AB4F5 /* SearchView.swift */; };
		8715A79B2855479E001AB4F5 /* MusicAPI.swift in Sources */ = {isa = PBXBuildFile; fileRef = 8715A79A2855479E001AB4F5 /* MusicAPI.swift */; };
		8715A79D2855B5AC001AB4F5 /* Colors.xcassets in Resources */ = {isa = PBXBuildFile; fileRef = 8715A79C2855B5AC001AB4F5 /* Colors.xcassets */; };
		87268D0229BD6DA600C0CA29 /* CDPlayerComponent.swift in Sources */ = {isa = PBXBuildFile; fileRef = 87268D0129BD6DA600C0CA29 /* CDPlayerComponent.swift */; };
		8786B2F129AA547C000B46A1 /* CDPlayer.swift in Sources */ = {isa = PBXBuildFile; fileRef = 8786B2F029AA547C000B46A1 /* CDPlayer.swift */; };
		8786B2F329AA5726000B46A1 /* CDList.swift in Sources */ = {isa = PBXBuildFile; fileRef = 8786B2F229AA5726000B46A1 /* CDList.swift */; };
		8786B2F529AA5CED000B46A1 /* MusicInformation.swift in Sources */ = {isa = PBXBuildFile; fileRef = 8786B2F429AA5CED000B46A1 /* MusicInformation.swift */; };
		87A0D9B1285BAEF8006D0D3B /* Persistence.swift in Sources */ = {isa = PBXBuildFile; fileRef = 87A0D9B0285BAEF8006D0D3B /* Persistence.swift */; };
		87A0D9B4285BAF42006D0D3B /* Record.xcdatamodeld in Sources */ = {isa = PBXBuildFile; fileRef = 87A0D9B2285BAF42006D0D3B /* Record.xcdatamodeld */; };
		87AD35FA2A54474100B74A5F /* Localizable.strings in Resources */ = {isa = PBXBuildFile; fileRef = 87AD35FC2A54474100B74A5F /* Localizable.strings */; };
		87AD362C2A5A64C400B74A5F /* String+Extensions.swift in Sources */ = {isa = PBXBuildFile; fileRef = 87AD362B2A5A64C400B74A5F /* String+Extensions.swift */; };
		87B6E3CD28EC9764002D579A /* Color+Extensions.swift in Sources */ = {isa = PBXBuildFile; fileRef = 87B6E3CC28EC9764002D579A /* Color+Extensions.swift */; };
		87B6E3CF28EC978D002D579A /* Font+Extensions.swift in Sources */ = {isa = PBXBuildFile; fileRef = 87B6E3CE28EC978D002D579A /* Font+Extensions.swift */; };
		87B6E3D128EC97B0002D579A /* View+Extensions.swift in Sources */ = {isa = PBXBuildFile; fileRef = 87B6E3D028EC97B0002D579A /* View+Extensions.swift */; };
		87B6E3D328EC97CE002D579A /* UIScreen+Extensions.swift in Sources */ = {isa = PBXBuildFile; fileRef = 87B6E3D228EC97CE002D579A /* UIScreen+Extensions.swift */; };
		87C429EB28E37594009B6DA6 /* LaunchScreen.storyboard in Resources */ = {isa = PBXBuildFile; fileRef = 87C429EA28E37594009B6DA6 /* LaunchScreen.storyboard */; };
		87D686F229A63B9F00E3707F /* EmptyCDListView.swift in Sources */ = {isa = PBXBuildFile; fileRef = 87D686F129A63B9F00E3707F /* EmptyCDListView.swift */; };
		87D686F429A6768900E3707F /* FramePreferenceKey.swift in Sources */ = {isa = PBXBuildFile; fileRef = 87D686F329A6768900E3707F /* FramePreferenceKey.swift */; };
		87E96F4928DF93C4007D167E /* FirstPage.swift in Sources */ = {isa = PBXBuildFile; fileRef = 87E96F4828DF93C4007D167E /* FirstPage.swift */; };
		87E96F4B28DF93CC007D167E /* SecondPage.swift in Sources */ = {isa = PBXBuildFile; fileRef = 87E96F4A28DF93CC007D167E /* SecondPage.swift */; };
		87E96F4D28DF940A007D167E /* ThirdPage.swift in Sources */ = {isa = PBXBuildFile; fileRef = 87E96F4C28DF940A007D167E /* ThirdPage.swift */; };
		87F1956D295FED74004A1CAF /* URLImage.swift in Sources */ = {isa = PBXBuildFile; fileRef = 87F1956C295FED74004A1CAF /* URLImage.swift */; };
		87FB281D285A04680036A5BB /* Screenshot.swift in Sources */ = {isa = PBXBuildFile; fileRef = 87FB281C285A04680036A5BB /* Screenshot.swift */; };
		A01413222855F4E60000EA59 /* HomeView.swift in Sources */ = {isa = PBXBuildFile; fileRef = A01413212855F4E60000EA59 /* HomeView.swift */; };
		A0AA39BB285A4936009EE3EA /* OnboardingView.swift in Sources */ = {isa = PBXBuildFile; fileRef = A0AA39BA285A4936009EE3EA /* OnboardingView.swift */; };
		A0AA39BF285AF643009EE3EA /* FourthPage.swift in Sources */ = {isa = PBXBuildFile; fileRef = A0AA39BE285AF643009EE3EA /* FourthPage.swift */; };
		B277EC172859A679001A97B1 /* CdListView.swift in Sources */ = {isa = PBXBuildFile; fileRef = B277EC162859A679001A97B1 /* CdListView.swift */; };
		F9122AE429C6EC3000EFFFA0 /* ImageThemeModalView.swift in Sources */ = {isa = PBXBuildFile; fileRef = F9122AE329C6EC3000EFFFA0 /* ImageThemeModalView.swift */; };
		F918658D29CA2BC00034AF63 /* Themes.swift in Sources */ = {isa = PBXBuildFile; fileRef = F918658C29CA2BC00034AF63 /* Themes.swift */; };
		F95FFE9C2A5DFF410015B4FF /* Image+Extension.swift in Sources */ = {isa = PBXBuildFile; fileRef = F95FFE9B2A5DFF410015B4FF /* Image+Extension.swift */; };
		F9BA11F329A499D500176807 /* MarqueeTextView.swift in Sources */ = {isa = PBXBuildFile; fileRef = F9BA11F229A499D500176807 /* MarqueeTextView.swift */; };
/* End PBXBuildFile section */

/* Begin PBXFileReference section */
		13C0E4A128573795004ABE1D /* RecordDetailView.swift */ = {isa = PBXFileReference; lastKnownFileType = sourcecode.swift; path = RecordDetailView.swift; sourceTree = "<group>"; };
		3D49B5AD285A02B50054FDED /* StoryModalView.swift */ = {isa = PBXFileReference; lastKnownFileType = sourcecode.swift; path = StoryModalView.swift; sourceTree = "<group>"; };
		3D49B5AF285A41570054FDED /* PhotoModalView.swift */ = {isa = PBXFileReference; lastKnownFileType = sourcecode.swift; path = PhotoModalView.swift; sourceTree = "<group>"; };
		3D593E462858530B00E481C7 /* WritingModalView.swift */ = {isa = PBXFileReference; fileEncoding = 4; lastKnownFileType = sourcecode.swift; path = WritingModalView.swift; sourceTree = "<group>"; };
		3D7E7941285B81860019ED45 /* Info.plist */ = {isa = PBXFileReference; lastKnownFileType = text.plist; path = Info.plist; sourceTree = "<group>"; };
		7906EFEC28577D950064056F /* WriteView.swift */ = {isa = PBXFileReference; lastKnownFileType = sourcecode.swift; path = WriteView.swift; sourceTree = "<group>"; };
		79418F7A2858C17C00F844BD /* ImagePicker.swift */ = {isa = PBXFileReference; lastKnownFileType = sourcecode.swift; path = ImagePicker.swift; sourceTree = "<group>"; };
		794AD0032851EEA700414667 /* Record.app */ = {isa = PBXFileReference; explicitFileType = wrapper.application; includeInIndex = 0; path = Record.app; sourceTree = BUILT_PRODUCTS_DIR; };
		794AD0062851EEA700414667 /* RecordApp.swift */ = {isa = PBXFileReference; lastKnownFileType = sourcecode.swift; path = RecordApp.swift; sourceTree = "<group>"; };
		794AD00A2851EEA900414667 /* Assets.xcassets */ = {isa = PBXFileReference; lastKnownFileType = folder.assetcatalog; path = Assets.xcassets; sourceTree = "<group>"; };
		794AD00D2851EEA900414667 /* Preview Assets.xcassets */ = {isa = PBXFileReference; lastKnownFileType = folder.assetcatalog; path = "Preview Assets.xcassets"; sourceTree = "<group>"; };
		8715A797285531AB001AB4F5 /* SearchView.swift */ = {isa = PBXFileReference; lastKnownFileType = sourcecode.swift; path = SearchView.swift; sourceTree = "<group>"; };
		8715A79A2855479E001AB4F5 /* MusicAPI.swift */ = {isa = PBXFileReference; lastKnownFileType = sourcecode.swift; path = MusicAPI.swift; sourceTree = "<group>"; };
		8715A79C2855B5AC001AB4F5 /* Colors.xcassets */ = {isa = PBXFileReference; lastKnownFileType = folder.assetcatalog; path = Colors.xcassets; sourceTree = "<group>"; };
		87268D0129BD6DA600C0CA29 /* CDPlayerComponent.swift */ = {isa = PBXFileReference; lastKnownFileType = sourcecode.swift; path = CDPlayerComponent.swift; sourceTree = "<group>"; };
		8786B2F029AA547C000B46A1 /* CDPlayer.swift */ = {isa = PBXFileReference; lastKnownFileType = sourcecode.swift; path = CDPlayer.swift; sourceTree = "<group>"; };
		8786B2F229AA5726000B46A1 /* CDList.swift */ = {isa = PBXFileReference; lastKnownFileType = sourcecode.swift; path = CDList.swift; sourceTree = "<group>"; };
		8786B2F429AA5CED000B46A1 /* MusicInformation.swift */ = {isa = PBXFileReference; lastKnownFileType = sourcecode.swift; path = MusicInformation.swift; sourceTree = "<group>"; };
		87A0D9B0285BAEF8006D0D3B /* Persistence.swift */ = {isa = PBXFileReference; lastKnownFileType = sourcecode.swift; path = Persistence.swift; sourceTree = "<group>"; };
		87A0D9B3285BAF42006D0D3B /* Recored.xcdatamodel */ = {isa = PBXFileReference; lastKnownFileType = wrapper.xcdatamodel; path = Recored.xcdatamodel; sourceTree = "<group>"; };
		87AD35FB2A54474100B74A5F /* en */ = {isa = PBXFileReference; lastKnownFileType = text.plist.strings; name = en; path = en.lproj/Localizable.strings; sourceTree = "<group>"; };
		87AD35FF2A54563100B74A5F /* ja */ = {isa = PBXFileReference; lastKnownFileType = text.plist.strings; name = ja; path = ja.lproj/Localizable.strings; sourceTree = "<group>"; };
		87AD36002A54563600B74A5F /* ko */ = {isa = PBXFileReference; lastKnownFileType = text.plist.strings; name = ko; path = ko.lproj/Localizable.strings; sourceTree = "<group>"; };
		87AD362B2A5A64C400B74A5F /* String+Extensions.swift */ = {isa = PBXFileReference; lastKnownFileType = sourcecode.swift; path = "String+Extensions.swift"; sourceTree = "<group>"; };
		87B6E3CC28EC9764002D579A /* Color+Extensions.swift */ = {isa = PBXFileReference; lastKnownFileType = sourcecode.swift; path = "Color+Extensions.swift"; sourceTree = "<group>"; };
		87B6E3CE28EC978D002D579A /* Font+Extensions.swift */ = {isa = PBXFileReference; lastKnownFileType = sourcecode.swift; path = "Font+Extensions.swift"; sourceTree = "<group>"; };
		87B6E3D028EC97B0002D579A /* View+Extensions.swift */ = {isa = PBXFileReference; lastKnownFileType = sourcecode.swift; path = "View+Extensions.swift"; sourceTree = "<group>"; };
		87B6E3D228EC97CE002D579A /* UIScreen+Extensions.swift */ = {isa = PBXFileReference; lastKnownFileType = sourcecode.swift; path = "UIScreen+Extensions.swift"; sourceTree = "<group>"; };
		87C429EA28E37594009B6DA6 /* LaunchScreen.storyboard */ = {isa = PBXFileReference; lastKnownFileType = file.storyboard; path = LaunchScreen.storyboard; sourceTree = "<group>"; };
		87D686F129A63B9F00E3707F /* EmptyCDListView.swift */ = {isa = PBXFileReference; lastKnownFileType = sourcecode.swift; path = EmptyCDListView.swift; sourceTree = "<group>"; };
		87D686F329A6768900E3707F /* FramePreferenceKey.swift */ = {isa = PBXFileReference; lastKnownFileType = sourcecode.swift; path = FramePreferenceKey.swift; sourceTree = "<group>"; };
		87E96F4828DF93C4007D167E /* FirstPage.swift */ = {isa = PBXFileReference; lastKnownFileType = sourcecode.swift; path = FirstPage.swift; sourceTree = "<group>"; };
		87E96F4A28DF93CC007D167E /* SecondPage.swift */ = {isa = PBXFileReference; lastKnownFileType = sourcecode.swift; path = SecondPage.swift; sourceTree = "<group>"; };
		87E96F4C28DF940A007D167E /* ThirdPage.swift */ = {isa = PBXFileReference; lastKnownFileType = sourcecode.swift; path = ThirdPage.swift; sourceTree = "<group>"; };
		87F1956C295FED74004A1CAF /* URLImage.swift */ = {isa = PBXFileReference; lastKnownFileType = sourcecode.swift; path = URLImage.swift; sourceTree = "<group>"; };
		87FB281C285A04680036A5BB /* Screenshot.swift */ = {isa = PBXFileReference; lastKnownFileType = sourcecode.swift; path = Screenshot.swift; sourceTree = "<group>"; };
		A01413212855F4E60000EA59 /* HomeView.swift */ = {isa = PBXFileReference; lastKnownFileType = sourcecode.swift; path = HomeView.swift; sourceTree = "<group>"; };
		A0AA39BA285A4936009EE3EA /* OnboardingView.swift */ = {isa = PBXFileReference; lastKnownFileType = sourcecode.swift; path = OnboardingView.swift; sourceTree = "<group>"; };
		A0AA39BE285AF643009EE3EA /* FourthPage.swift */ = {isa = PBXFileReference; lastKnownFileType = sourcecode.swift; path = FourthPage.swift; sourceTree = "<group>"; };
		B277EC162859A679001A97B1 /* CdListView.swift */ = {isa = PBXFileReference; fileEncoding = 4; lastKnownFileType = sourcecode.swift; path = CdListView.swift; sourceTree = "<group>"; };
		F9122AE329C6EC3000EFFFA0 /* ImageThemeModalView.swift */ = {isa = PBXFileReference; lastKnownFileType = sourcecode.swift; path = ImageThemeModalView.swift; sourceTree = "<group>"; };
		F918658C29CA2BC00034AF63 /* Themes.swift */ = {isa = PBXFileReference; lastKnownFileType = sourcecode.swift; path = Themes.swift; sourceTree = "<group>"; };
		F95FFE9B2A5DFF410015B4FF /* Image+Extension.swift */ = {isa = PBXFileReference; lastKnownFileType = sourcecode.swift; path = "Image+Extension.swift"; sourceTree = "<group>"; };
		F9BA11F229A499D500176807 /* MarqueeTextView.swift */ = {isa = PBXFileReference; lastKnownFileType = sourcecode.swift; path = MarqueeTextView.swift; sourceTree = "<group>"; };
/* End PBXFileReference section */

/* Begin PBXFrameworksBuildPhase section */
		794AD0002851EEA700414667 /* Frameworks */ = {
			isa = PBXFrameworksBuildPhase;
			buildActionMask = 2147483647;
			files = (
			);
			runOnlyForDeploymentPostprocessing = 0;
		};
/* End PBXFrameworksBuildPhase section */

/* Begin PBXGroup section */
		794ACFFA2851EEA700414667 = {
			isa = PBXGroup;
			children = (
				794AD0052851EEA700414667 /* Record */,
				794AD0042851EEA700414667 /* Products */,
			);
			sourceTree = "<group>";
		};
		794AD0042851EEA700414667 /* Products */ = {
			isa = PBXGroup;
			children = (
				794AD0032851EEA700414667 /* Record.app */,
			);
			name = Products;
			sourceTree = "<group>";
		};
		794AD0052851EEA700414667 /* Record */ = {
			isa = PBXGroup;
			children = (
				3D7E7941285B81860019ED45 /* Info.plist */,
				87B6E3C828EC963C002D579A /* Extensions */,
				8715A7992855477D001AB4F5 /* Model */,
				87B6E3DA28EC9C5A002D579A /* Views */,
				87B6E3DB28EC9D53002D579A /* Resources */,
				794AD00C2851EEA900414667 /* Preview Content */,
			);
			path = Record;
			sourceTree = "<group>";
		};
		794AD00C2851EEA900414667 /* Preview Content */ = {
			isa = PBXGroup;
			children = (
				794AD00D2851EEA900414667 /* Preview Assets.xcassets */,
			);
			path = "Preview Content";
			sourceTree = "<group>";
		};
		8715A7992855477D001AB4F5 /* Model */ = {
			isa = PBXGroup;
			children = (
				8715A79A2855479E001AB4F5 /* MusicAPI.swift */,
				87FB281C285A04680036A5BB /* Screenshot.swift */,
				87A0D9B0285BAEF8006D0D3B /* Persistence.swift */,
				79418F7A2858C17C00F844BD /* ImagePicker.swift */,
				87A0D9B2285BAF42006D0D3B /* Record.xcdatamodeld */,
				F918658C29CA2BC00034AF63 /* Themes.swift */,
			);
			path = Model;
			sourceTree = "<group>";
		};
		87B6E3C828EC963C002D579A /* Extensions */ = {
			isa = PBXGroup;
			children = (
				87B6E3CC28EC9764002D579A /* Color+Extensions.swift */,
				87B6E3CE28EC978D002D579A /* Font+Extensions.swift */,
				87B6E3D028EC97B0002D579A /* View+Extensions.swift */,
				87B6E3D228EC97CE002D579A /* UIScreen+Extensions.swift */,
				87AD362B2A5A64C400B74A5F /* String+Extensions.swift */,
				F95FFE9B2A5DFF410015B4FF /* Image+Extension.swift */,
			);
			path = Extensions;
			sourceTree = "<group>";
		};
		87B6E3D728EC9BB8002D579A /* WriteViews */ = {
			isa = PBXGroup;
			children = (
				8715A797285531AB001AB4F5 /* SearchView.swift */,
				7906EFEC28577D950064056F /* WriteView.swift */,
				3D593E462858530B00E481C7 /* WritingModalView.swift */,
			);
			path = WriteViews;
			sourceTree = "<group>";
		};
		87B6E3D828EC9BFC002D579A /* DetailViews */ = {
			isa = PBXGroup;
			children = (
				13C0E4A128573795004ABE1D /* RecordDetailView.swift */,
				3D49B5AD285A02B50054FDED /* StoryModalView.swift */,
				3D49B5AF285A41570054FDED /* PhotoModalView.swift */,
				F9122AE329C6EC3000EFFFA0 /* ImageThemeModalView.swift */,
				87268D0129BD6DA600C0CA29 /* CDPlayerComponent.swift */,
			);
			path = DetailViews;
			sourceTree = "<group>";
		};
		87B6E3D928EC9C27002D579A /* CDListView */ = {
			isa = PBXGroup;
			children = (
				B277EC162859A679001A97B1 /* CdListView.swift */,
				87D686F129A63B9F00E3707F /* EmptyCDListView.swift */,
				8786B2F429AA5CED000B46A1 /* MusicInformation.swift */,
				8786B2F229AA5726000B46A1 /* CDList.swift */,
				8786B2F029AA547C000B46A1 /* CDPlayer.swift */,
				F9BA11F229A499D500176807 /* MarqueeTextView.swift */,
			);
			path = CDListView;
			sourceTree = "<group>";
		};
		87B6E3DA28EC9C5A002D579A /* Views */ = {
			isa = PBXGroup;
			children = (
				87C429EA28E37594009B6DA6 /* LaunchScreen.storyboard */,
				794AD0062851EEA700414667 /* RecordApp.swift */,
				A01413212855F4E60000EA59 /* HomeView.swift */,
				87E96F4728DF9389007D167E /* OnboardingViews */,
				87B6E3D728EC9BB8002D579A /* WriteViews */,
				87B6E3D828EC9BFC002D579A /* DetailViews */,
				87B6E3D928EC9C27002D579A /* CDListView */,
				87F1956B295FED24004A1CAF /* Components */,
			);
			path = Views;
			sourceTree = "<group>";
		};
		87B6E3DB28EC9D53002D579A /* Resources */ = {
			isa = PBXGroup;
			children = (
				794AD00A2851EEA900414667 /* Assets.xcassets */,
				8715A79C2855B5AC001AB4F5 /* Colors.xcassets */,
				87AD35FC2A54474100B74A5F /* Localizable.strings */,
			);
			path = Resources;
			sourceTree = "<group>";
		};
		87E96F4728DF9389007D167E /* OnboardingViews */ = {
			isa = PBXGroup;
			children = (
				A0AA39BA285A4936009EE3EA /* OnboardingView.swift */,
				A0AA39BE285AF643009EE3EA /* FourthPage.swift */,
				87E96F4828DF93C4007D167E /* FirstPage.swift */,
				87E96F4A28DF93CC007D167E /* SecondPage.swift */,
				87E96F4C28DF940A007D167E /* ThirdPage.swift */,
			);
			path = OnboardingViews;
			sourceTree = "<group>";
		};
		87F1956B295FED24004A1CAF /* Components */ = {
			isa = PBXGroup;
			children = (
				87F1956C295FED74004A1CAF /* URLImage.swift */,
				87D686F329A6768900E3707F /* FramePreferenceKey.swift */,
			);
			path = Components;
			sourceTree = "<group>";
		};
/* End PBXGroup section */

/* Begin PBXNativeTarget section */
		794AD0022851EEA700414667 /* Record */ = {
			isa = PBXNativeTarget;
			buildConfigurationList = 794AD0112851EEA900414667 /* Build configuration list for PBXNativeTarget "Record" */;
			buildPhases = (
				794ACFFF2851EEA700414667 /* Sources */,
				794AD0002851EEA700414667 /* Frameworks */,
				794AD0012851EEA700414667 /* Resources */,
			);
			buildRules = (
			);
			dependencies = (
			);
			name = Record;
			productName = Recorder;
			productReference = 794AD0032851EEA700414667 /* Record.app */;
			productType = "com.apple.product-type.application";
		};
/* End PBXNativeTarget section */

/* Begin PBXProject section */
		794ACFFB2851EEA700414667 /* Project object */ = {
			isa = PBXProject;
			attributes = {
				BuildIndependentTargetsInParallel = 1;
				LastSwiftUpdateCheck = 1340;
				LastUpgradeCheck = 1340;
				TargetAttributes = {
					794AD0022851EEA700414667 = {
						CreatedOnToolsVersion = 13.4.1;
					};
				};
			};
			buildConfigurationList = 794ACFFE2851EEA700414667 /* Build configuration list for PBXProject "Record" */;
			compatibilityVersion = "Xcode 13.0";
			developmentRegion = ko;
			hasScannedForEncodings = 0;
			knownRegions = (
				en,
				Base,
				ko,
				ja,
			);
			mainGroup = 794ACFFA2851EEA700414667;
			productRefGroup = 794AD0042851EEA700414667 /* Products */;
			projectDirPath = "";
			projectRoot = "";
			targets = (
				794AD0022851EEA700414667 /* Record */,
			);
		};
/* End PBXProject section */

/* Begin PBXResourcesBuildPhase section */
		794AD0012851EEA700414667 /* Resources */ = {
			isa = PBXResourcesBuildPhase;
			buildActionMask = 2147483647;
			files = (
				87AD35FA2A54474100B74A5F /* Localizable.strings in Resources */,
				8715A79D2855B5AC001AB4F5 /* Colors.xcassets in Resources */,
				794AD00E2851EEA900414667 /* Preview Assets.xcassets in Resources */,
				87C429EB28E37594009B6DA6 /* LaunchScreen.storyboard in Resources */,
				794AD00B2851EEA900414667 /* Assets.xcassets in Resources */,
			);
			runOnlyForDeploymentPostprocessing = 0;
		};
/* End PBXResourcesBuildPhase section */

/* Begin PBXSourcesBuildPhase section */
		794ACFFF2851EEA700414667 /* Sources */ = {
			isa = PBXSourcesBuildPhase;
			buildActionMask = 2147483647;
			files = (
				F95FFE9C2A5DFF410015B4FF /* Image+Extension.swift in Sources */,
				B277EC172859A679001A97B1 /* CdListView.swift in Sources */,
				87AD362C2A5A64C400B74A5F /* String+Extensions.swift in Sources */,
				8786B2F129AA547C000B46A1 /* CDPlayer.swift in Sources */,
				8786B2F529AA5CED000B46A1 /* MusicInformation.swift in Sources */,
				F9BA11F329A499D500176807 /* MarqueeTextView.swift in Sources */,
				87E96F4928DF93C4007D167E /* FirstPage.swift in Sources */,
				87E96F4B28DF93CC007D167E /* SecondPage.swift in Sources */,
				A01413222855F4E60000EA59 /* HomeView.swift in Sources */,
				3D49B5B0285A41570054FDED /* PhotoModalView.swift in Sources */,
				87D686F229A63B9F00E3707F /* EmptyCDListView.swift in Sources */,
				8786B2F329AA5726000B46A1 /* CDList.swift in Sources */,
				F9122AE429C6EC3000EFFFA0 /* ImageThemeModalView.swift in Sources */,
				3D593E472858530B00E481C7 /* WritingModalView.swift in Sources */,
				87B6E3CF28EC978D002D579A /* Font+Extensions.swift in Sources */,
				87E96F4D28DF940A007D167E /* ThirdPage.swift in Sources */,
				87FB281D285A04680036A5BB /* Screenshot.swift in Sources */,
				87F1956D295FED74004A1CAF /* URLImage.swift in Sources */,
				F918658D29CA2BC00034AF63 /* Themes.swift in Sources */,
				87D686F429A6768900E3707F /* FramePreferenceKey.swift in Sources */,
				8715A79B2855479E001AB4F5 /* MusicAPI.swift in Sources */,
				87B6E3CD28EC9764002D579A /* Color+Extensions.swift in Sources */,
				87A0D9B4285BAF42006D0D3B /* Record.xcdatamodeld in Sources */,
				A0AA39BB285A4936009EE3EA /* OnboardingView.swift in Sources */,
				A0AA39BF285AF643009EE3EA /* FourthPage.swift in Sources */,
				A01413222855F4E60000EA59 /* HomeView.swift in Sources */,
				87B6E3D328EC97CE002D579A /* UIScreen+Extensions.swift in Sources */,
				3D49B5AE285A02B50054FDED /* StoryModalView.swift in Sources */,
				8715A798285531AB001AB4F5 /* SearchView.swift in Sources */,
				87268D0229BD6DA600C0CA29 /* CDPlayerComponent.swift in Sources */,
				87A0D9B1285BAEF8006D0D3B /* Persistence.swift in Sources */,
				13C0E4A228573795004ABE1D /* RecordDetailView.swift in Sources */,
				79418F7B2858C17C00F844BD /* ImagePicker.swift in Sources */,
				794AD0072851EEA700414667 /* RecordApp.swift in Sources */,
				87B6E3D128EC97B0002D579A /* View+Extensions.swift in Sources */,
				7906EFED28577D950064056F /* WriteView.swift in Sources */,
			);
			runOnlyForDeploymentPostprocessing = 0;
		};
/* End PBXSourcesBuildPhase section */

/* Begin PBXVariantGroup section */
		87AD35FC2A54474100B74A5F /* Localizable.strings */ = {
			isa = PBXVariantGroup;
			children = (
				87AD35FB2A54474100B74A5F /* en */,
				87AD35FF2A54563100B74A5F /* ja */,
				87AD36002A54563600B74A5F /* ko */,
			);
			name = Localizable.strings;
			sourceTree = "<group>";
		};
/* End PBXVariantGroup section */

/* Begin XCBuildConfiguration section */
		794AD00F2851EEA900414667 /* Debug */ = {
			isa = XCBuildConfiguration;
			buildSettings = {
				ALWAYS_SEARCH_USER_PATHS = NO;
				CLANG_ANALYZER_LOCALIZABILITY_NONLOCALIZED = YES;
				CLANG_ANALYZER_NONNULL = YES;
				CLANG_ANALYZER_NUMBER_OBJECT_CONVERSION = YES_AGGRESSIVE;
				CLANG_CXX_LANGUAGE_STANDARD = "gnu++17";
				CLANG_ENABLE_MODULES = YES;
				CLANG_ENABLE_OBJC_ARC = YES;
				CLANG_ENABLE_OBJC_WEAK = YES;
				CLANG_WARN_BLOCK_CAPTURE_AUTORELEASING = YES;
				CLANG_WARN_BOOL_CONVERSION = YES;
				CLANG_WARN_COMMA = YES;
				CLANG_WARN_CONSTANT_CONVERSION = YES;
				CLANG_WARN_DEPRECATED_OBJC_IMPLEMENTATIONS = YES;
				CLANG_WARN_DIRECT_OBJC_ISA_USAGE = YES_ERROR;
				CLANG_WARN_DOCUMENTATION_COMMENTS = YES;
				CLANG_WARN_EMPTY_BODY = YES;
				CLANG_WARN_ENUM_CONVERSION = YES;
				CLANG_WARN_INFINITE_RECURSION = YES;
				CLANG_WARN_INT_CONVERSION = YES;
				CLANG_WARN_NON_LITERAL_NULL_CONVERSION = YES;
				CLANG_WARN_OBJC_IMPLICIT_RETAIN_SELF = YES;
				CLANG_WARN_OBJC_LITERAL_CONVERSION = YES;
				CLANG_WARN_OBJC_ROOT_CLASS = YES_ERROR;
				CLANG_WARN_QUOTED_INCLUDE_IN_FRAMEWORK_HEADER = YES;
				CLANG_WARN_RANGE_LOOP_ANALYSIS = YES;
				CLANG_WARN_STRICT_PROTOTYPES = YES;
				CLANG_WARN_SUSPICIOUS_MOVE = YES;
				CLANG_WARN_UNGUARDED_AVAILABILITY = YES_AGGRESSIVE;
				CLANG_WARN_UNREACHABLE_CODE = YES;
				CLANG_WARN__DUPLICATE_METHOD_MATCH = YES;
				COPY_PHASE_STRIP = NO;
				DEBUG_INFORMATION_FORMAT = dwarf;
				ENABLE_STRICT_OBJC_MSGSEND = YES;
				ENABLE_TESTABILITY = YES;
				GCC_C_LANGUAGE_STANDARD = gnu11;
				GCC_DYNAMIC_NO_PIC = NO;
				GCC_NO_COMMON_BLOCKS = YES;
				GCC_OPTIMIZATION_LEVEL = 0;
				GCC_PREPROCESSOR_DEFINITIONS = (
					"DEBUG=1",
					"$(inherited)",
				);
				GCC_WARN_64_TO_32_BIT_CONVERSION = YES;
				GCC_WARN_ABOUT_RETURN_TYPE = YES_ERROR;
				GCC_WARN_UNDECLARED_SELECTOR = YES;
				GCC_WARN_UNINITIALIZED_AUTOS = YES_AGGRESSIVE;
				GCC_WARN_UNUSED_FUNCTION = YES;
				GCC_WARN_UNUSED_VARIABLE = YES;
				IPHONEOS_DEPLOYMENT_TARGET = 15.5;
				MTL_ENABLE_DEBUG_INFO = INCLUDE_SOURCE;
				MTL_FAST_MATH = YES;
				ONLY_ACTIVE_ARCH = YES;
				SDKROOT = iphoneos;
				SWIFT_ACTIVE_COMPILATION_CONDITIONS = DEBUG;
				SWIFT_OPTIMIZATION_LEVEL = "-Onone";
			};
			name = Debug;
		};
		794AD0102851EEA900414667 /* Release */ = {
			isa = XCBuildConfiguration;
			buildSettings = {
				ALWAYS_SEARCH_USER_PATHS = NO;
				CLANG_ANALYZER_LOCALIZABILITY_NONLOCALIZED = YES;
				CLANG_ANALYZER_NONNULL = YES;
				CLANG_ANALYZER_NUMBER_OBJECT_CONVERSION = YES_AGGRESSIVE;
				CLANG_CXX_LANGUAGE_STANDARD = "gnu++17";
				CLANG_ENABLE_MODULES = YES;
				CLANG_ENABLE_OBJC_ARC = YES;
				CLANG_ENABLE_OBJC_WEAK = YES;
				CLANG_WARN_BLOCK_CAPTURE_AUTORELEASING = YES;
				CLANG_WARN_BOOL_CONVERSION = YES;
				CLANG_WARN_COMMA = YES;
				CLANG_WARN_CONSTANT_CONVERSION = YES;
				CLANG_WARN_DEPRECATED_OBJC_IMPLEMENTATIONS = YES;
				CLANG_WARN_DIRECT_OBJC_ISA_USAGE = YES_ERROR;
				CLANG_WARN_DOCUMENTATION_COMMENTS = YES;
				CLANG_WARN_EMPTY_BODY = YES;
				CLANG_WARN_ENUM_CONVERSION = YES;
				CLANG_WARN_INFINITE_RECURSION = YES;
				CLANG_WARN_INT_CONVERSION = YES;
				CLANG_WARN_NON_LITERAL_NULL_CONVERSION = YES;
				CLANG_WARN_OBJC_IMPLICIT_RETAIN_SELF = YES;
				CLANG_WARN_OBJC_LITERAL_CONVERSION = YES;
				CLANG_WARN_OBJC_ROOT_CLASS = YES_ERROR;
				CLANG_WARN_QUOTED_INCLUDE_IN_FRAMEWORK_HEADER = YES;
				CLANG_WARN_RANGE_LOOP_ANALYSIS = YES;
				CLANG_WARN_STRICT_PROTOTYPES = YES;
				CLANG_WARN_SUSPICIOUS_MOVE = YES;
				CLANG_WARN_UNGUARDED_AVAILABILITY = YES_AGGRESSIVE;
				CLANG_WARN_UNREACHABLE_CODE = YES;
				CLANG_WARN__DUPLICATE_METHOD_MATCH = YES;
				COPY_PHASE_STRIP = NO;
				DEBUG_INFORMATION_FORMAT = "dwarf-with-dsym";
				ENABLE_NS_ASSERTIONS = NO;
				ENABLE_STRICT_OBJC_MSGSEND = YES;
				GCC_C_LANGUAGE_STANDARD = gnu11;
				GCC_NO_COMMON_BLOCKS = YES;
				GCC_WARN_64_TO_32_BIT_CONVERSION = YES;
				GCC_WARN_ABOUT_RETURN_TYPE = YES_ERROR;
				GCC_WARN_UNDECLARED_SELECTOR = YES;
				GCC_WARN_UNINITIALIZED_AUTOS = YES_AGGRESSIVE;
				GCC_WARN_UNUSED_FUNCTION = YES;
				GCC_WARN_UNUSED_VARIABLE = YES;
				IPHONEOS_DEPLOYMENT_TARGET = 15.5;
				MTL_ENABLE_DEBUG_INFO = NO;
				MTL_FAST_MATH = YES;
				ONLY_ACTIVE_ARCH = YES;
				SDKROOT = iphoneos;
				SWIFT_COMPILATION_MODE = wholemodule;
				SWIFT_OPTIMIZATION_LEVEL = "-O";
				VALIDATE_PRODUCT = YES;
			};
			name = Release;
		};
		794AD0122851EEA900414667 /* Debug */ = {
			isa = XCBuildConfiguration;
			buildSettings = {
				ASSETCATALOG_COMPILER_APPICON_NAME = AppIcon;
				ASSETCATALOG_COMPILER_GLOBAL_ACCENT_COLOR_NAME = AccentColor;
				CODE_SIGN_IDENTITY = "Apple Development";
				CODE_SIGN_STYLE = Automatic;
				CURRENT_PROJECT_VERSION = 1;
				DEVELOPMENT_ASSET_PATHS = "\"Record/Preview Content\"";
				DEVELOPMENT_TEAM = "";
				ENABLE_PREVIEWS = YES;
				GENERATE_INFOPLIST_FILE = YES;
				INFOPLIST_FILE = Record/Info.plist;
				INFOPLIST_KEY_LSApplicationCategoryType = "public.app-category.lifestyle";
				INFOPLIST_KEY_NSPhotoLibraryUsageDescription = "please access photo";
				INFOPLIST_KEY_UIApplicationSceneManifest_Generation = YES;
				INFOPLIST_KEY_UIApplicationSupportsIndirectInputEvents = YES;
				INFOPLIST_KEY_UILaunchScreen_Generation = YES;
				INFOPLIST_KEY_UILaunchStoryboardName = LaunchScreen.storyboard;
				INFOPLIST_KEY_UISupportedInterfaceOrientations_iPad = "UIInterfaceOrientationPortrait UIInterfaceOrientationPortraitUpsideDown UIInterfaceOrientationLandscapeLeft UIInterfaceOrientationLandscapeRight";
				INFOPLIST_KEY_UISupportedInterfaceOrientations_iPhone = UIInterfaceOrientationPortrait;
				INFOPLIST_KEY_UIUserInterfaceStyle = Light;
				LD_RUNPATH_SEARCH_PATHS = (
					"$(inherited)",
					"@executable_path/Frameworks",
				);
				MARKETING_VERSION = 1.0.1;
				PRODUCT_BUNDLE_IDENTIFIER = com.ios.larasy.record;
				PRODUCT_NAME = "$(TARGET_NAME)";
				PROVISIONING_PROFILE_SPECIFIER = "";
				SUPPORTED_PLATFORMS = "iphoneos iphonesimulator";
				SUPPORTS_MACCATALYST = NO;
				SUPPORTS_MAC_DESIGNED_FOR_IPHONE_IPAD = NO;
				SWIFT_EMIT_LOC_STRINGS = YES;
				SWIFT_VERSION = 5.0;
				TARGETED_DEVICE_FAMILY = 1;
			};
			name = Debug;
		};
		794AD0132851EEA900414667 /* Release */ = {
			isa = XCBuildConfiguration;
			buildSettings = {
				ASSETCATALOG_COMPILER_APPICON_NAME = AppIcon;
				ASSETCATALOG_COMPILER_GLOBAL_ACCENT_COLOR_NAME = AccentColor;
				CODE_SIGN_IDENTITY = "Apple Development";
				CODE_SIGN_STYLE = Automatic;
				CURRENT_PROJECT_VERSION = 1;
				DEVELOPMENT_ASSET_PATHS = "\"Record/Preview Content\"";
				DEVELOPMENT_TEAM = "";
				ENABLE_PREVIEWS = YES;
				GENERATE_INFOPLIST_FILE = YES;
				INFOPLIST_FILE = Record/Info.plist;
				INFOPLIST_KEY_LSApplicationCategoryType = "public.app-category.lifestyle";
				INFOPLIST_KEY_NSPhotoLibraryUsageDescription = "please access photo";
				INFOPLIST_KEY_UIApplicationSceneManifest_Generation = YES;
				INFOPLIST_KEY_UIApplicationSupportsIndirectInputEvents = YES;
				INFOPLIST_KEY_UILaunchScreen_Generation = YES;
				INFOPLIST_KEY_UILaunchStoryboardName = LaunchScreen.storyboard;
				INFOPLIST_KEY_UISupportedInterfaceOrientations_iPad = "UIInterfaceOrientationPortrait UIInterfaceOrientationPortraitUpsideDown UIInterfaceOrientationLandscapeLeft UIInterfaceOrientationLandscapeRight";
				INFOPLIST_KEY_UISupportedInterfaceOrientations_iPhone = UIInterfaceOrientationPortrait;
				INFOPLIST_KEY_UIUserInterfaceStyle = Light;
				LD_RUNPATH_SEARCH_PATHS = (
					"$(inherited)",
					"@executable_path/Frameworks",
				);
				MARKETING_VERSION = 1.0.1;
				PRODUCT_BUNDLE_IDENTIFIER = com.ios.larasy.record;
				PRODUCT_NAME = "$(TARGET_NAME)";
				PROVISIONING_PROFILE_SPECIFIER = "";
				SUPPORTED_PLATFORMS = "iphoneos iphonesimulator";
				SUPPORTS_MACCATALYST = NO;
				SUPPORTS_MAC_DESIGNED_FOR_IPHONE_IPAD = NO;
				SWIFT_EMIT_LOC_STRINGS = YES;
				SWIFT_VERSION = 5.0;
				TARGETED_DEVICE_FAMILY = 1;
			};
			name = Release;
		};
/* End XCBuildConfiguration section */

/* Begin XCConfigurationList section */
		794ACFFE2851EEA700414667 /* Build configuration list for PBXProject "Record" */ = {
			isa = XCConfigurationList;
			buildConfigurations = (
				794AD00F2851EEA900414667 /* Debug */,
				794AD0102851EEA900414667 /* Release */,
			);
			defaultConfigurationIsVisible = 0;
			defaultConfigurationName = Release;
		};
		794AD0112851EEA900414667 /* Build configuration list for PBXNativeTarget "Record" */ = {
			isa = XCConfigurationList;
			buildConfigurations = (
				794AD0122851EEA900414667 /* Debug */,
				794AD0132851EEA900414667 /* Release */,
			);
			defaultConfigurationIsVisible = 0;
			defaultConfigurationName = Release;
		};
/* End XCConfigurationList section */

/* Begin XCVersionGroup section */
		87A0D9B2285BAF42006D0D3B /* Record.xcdatamodeld */ = {
			isa = XCVersionGroup;
			children = (
				87A0D9B3285BAF42006D0D3B /* Recored.xcdatamodel */,
			);
			currentVersion = 87A0D9B3285BAF42006D0D3B /* Recored.xcdatamodel */;
			path = Record.xcdatamodeld;
			sourceTree = "<group>";
			versionGroupType = wrapper.xcdatamodel;
		};
/* End XCVersionGroup section */
	};
	rootObject = 794ACFFB2851EEA700414667 /* Project object */;
}
