// !$*UTF8*$!
{
	archiveVersion = 1;
	classes = {
	};
	objectVersion = 55;
	objects = {

/* Begin PBXBuildFile section */
		13C0E4A228573795004ABE1D /* RecordDetailView.swift in Sources */ = {isa = PBXBuildFile; fileRef = 13C0E4A128573795004ABE1D /* RecordDetailView.swift */; };
		13E0DAA0285A3764008714A6 /* RecordUIView.swift in Sources */ = {isa = PBXBuildFile; fileRef = 13E0DA9F285A3764008714A6 /* RecordUIView.swift */; };
		7906EFED28577D950064056F /* WriteView.swift in Sources */ = {isa = PBXBuildFile; fileRef = 7906EFEC28577D950064056F /* WriteView.swift */; };
		790FF14B285B008A00931CCF /* MusicList.json in Resources */ = {isa = PBXBuildFile; fileRef = 790FF14A285B008A00931CCF /* MusicList.json */; };
		79418F7B2858C17C00F844BD /* ImagePicker.swift in Sources */ = {isa = PBXBuildFile; fileRef = 79418F7A2858C17C00F844BD /* ImagePicker.swift */; };
		7949F34E285B88120093579B /* WritingModalView.swift in Sources */ = {isa = PBXBuildFile; fileRef = 7949F34D285B88120093579B /* WritingModalView.swift */; };
		794AD0072851EEA700414667 /* RecorderApp.swift in Sources */ = {isa = PBXBuildFile; fileRef = 794AD0062851EEA700414667 /* RecorderApp.swift */; };
		794AD0092851EEA700414667 /* ContentView.swift in Sources */ = {isa = PBXBuildFile; fileRef = 794AD0082851EEA700414667 /* ContentView.swift */; };
		794AD00B2851EEA900414667 /* Assets.xcassets in Resources */ = {isa = PBXBuildFile; fileRef = 794AD00A2851EEA900414667 /* Assets.xcassets */; };
		794AD00E2851EEA900414667 /* Preview Assets.xcassets in Resources */ = {isa = PBXBuildFile; fileRef = 794AD00D2851EEA900414667 /* Preview Assets.xcassets */; };
		8715A798285531AB001AB4F5 /* SearchView.swift in Sources */ = {isa = PBXBuildFile; fileRef = 8715A797285531AB001AB4F5 /* SearchView.swift */; };
		8715A79B2855479E001AB4F5 /* MusicAPI.swift in Sources */ = {isa = PBXBuildFile; fileRef = 8715A79A2855479E001AB4F5 /* MusicAPI.swift */; };
		8715A79D2855B5AC001AB4F5 /* Colors.xcassets in Resources */ = {isa = PBXBuildFile; fileRef = 8715A79C2855B5AC001AB4F5 /* Colors.xcassets */; };
		8715A79F2855B775001AB4F5 /* Extension.swift in Sources */ = {isa = PBXBuildFile; fileRef = 8715A79E2855B775001AB4F5 /* Extension.swift */; };
		876BC4A32857189D009ACC90 /* TestSoiView.swift in Sources */ = {isa = PBXBuildFile; fileRef = 876BC4A22857189D009ACC90 /* TestSoiView.swift */; };
		87A0D9B1285BAEF8006D0D3B /* Persistence.swift in Sources */ = {isa = PBXBuildFile; fileRef = 87A0D9B0285BAEF8006D0D3B /* Persistence.swift */; };
		87A0D9B4285BAF42006D0D3B /* Recorder.xcdatamodeld in Sources */ = {isa = PBXBuildFile; fileRef = 87A0D9B2285BAF42006D0D3B /* Recorder.xcdatamodeld */; };
		87FB281D285A04680036A5BB /* Screenshot.swift in Sources */ = {isa = PBXBuildFile; fileRef = 87FB281C285A04680036A5BB /* Screenshot.swift */; };
		A01413222855F4E60000EA59 /* HomeView.swift in Sources */ = {isa = PBXBuildFile; fileRef = A01413212855F4E60000EA59 /* HomeView.swift */; };
		B277EC152859A671001A97B1 /* Carousel.swift in Sources */ = {isa = PBXBuildFile; fileRef = B277EC142859A671001A97B1 /* Carousel.swift */; };
		B277EC172859A679001A97B1 /* CdListView.swift in Sources */ = {isa = PBXBuildFile; fileRef = B277EC162859A679001A97B1 /* CdListView.swift */; };
		B29723B0285B192C0065FD36 /* SnapCarouselView.swift in Sources */ = {isa = PBXBuildFile; fileRef = B29723AF285B192C0065FD36 /* SnapCarouselView.swift */; };
/* End PBXBuildFile section */

/* Begin PBXFileReference section */
		13C0E4A128573795004ABE1D /* RecordDetailView.swift */ = {isa = PBXFileReference; lastKnownFileType = sourcecode.swift; path = RecordDetailView.swift; sourceTree = "<group>"; };
		13E0DA9F285A3764008714A6 /* RecordUIView.swift */ = {isa = PBXFileReference; lastKnownFileType = sourcecode.swift; path = RecordUIView.swift; sourceTree = "<group>"; };
		7906EFEC28577D950064056F /* WriteView.swift */ = {isa = PBXFileReference; lastKnownFileType = sourcecode.swift; path = WriteView.swift; sourceTree = "<group>"; };
		790FF14A285B008A00931CCF /* MusicList.json */ = {isa = PBXFileReference; lastKnownFileType = text.json; path = MusicList.json; sourceTree = "<group>"; };
		79418F7A2858C17C00F844BD /* ImagePicker.swift */ = {isa = PBXFileReference; lastKnownFileType = sourcecode.swift; path = ImagePicker.swift; sourceTree = "<group>"; };
		7949F34D285B88120093579B /* WritingModalView.swift */ = {isa = PBXFileReference; lastKnownFileType = sourcecode.swift; path = WritingModalView.swift; sourceTree = "<group>"; };
		794AD0032851EEA700414667 /* Recorder.app */ = {isa = PBXFileReference; explicitFileType = wrapper.application; includeInIndex = 0; path = Recorder.app; sourceTree = BUILT_PRODUCTS_DIR; };
		794AD0062851EEA700414667 /* RecorderApp.swift */ = {isa = PBXFileReference; lastKnownFileType = sourcecode.swift; path = RecorderApp.swift; sourceTree = "<group>"; };
		794AD0082851EEA700414667 /* ContentView.swift */ = {isa = PBXFileReference; lastKnownFileType = sourcecode.swift; path = ContentView.swift; sourceTree = "<group>"; };
		794AD00A2851EEA900414667 /* Assets.xcassets */ = {isa = PBXFileReference; lastKnownFileType = folder.assetcatalog; path = Assets.xcassets; sourceTree = "<group>"; };
		794AD00D2851EEA900414667 /* Preview Assets.xcassets */ = {isa = PBXFileReference; lastKnownFileType = folder.assetcatalog; path = "Preview Assets.xcassets"; sourceTree = "<group>"; };
		8715A797285531AB001AB4F5 /* SearchView.swift */ = {isa = PBXFileReference; lastKnownFileType = sourcecode.swift; path = SearchView.swift; sourceTree = "<group>"; };
		8715A79A2855479E001AB4F5 /* MusicAPI.swift */ = {isa = PBXFileReference; lastKnownFileType = sourcecode.swift; path = MusicAPI.swift; sourceTree = "<group>"; };
		8715A79C2855B5AC001AB4F5 /* Colors.xcassets */ = {isa = PBXFileReference; lastKnownFileType = folder.assetcatalog; path = Colors.xcassets; sourceTree = "<group>"; };
		8715A79E2855B775001AB4F5 /* Extension.swift */ = {isa = PBXFileReference; lastKnownFileType = sourcecode.swift; path = Extension.swift; sourceTree = "<group>"; };
		876BC4A22857189D009ACC90 /* TestSoiView.swift */ = {isa = PBXFileReference; lastKnownFileType = sourcecode.swift; path = TestSoiView.swift; sourceTree = "<group>"; };
		87A0D9B0285BAEF8006D0D3B /* Persistence.swift */ = {isa = PBXFileReference; lastKnownFileType = sourcecode.swift; path = Persistence.swift; sourceTree = "<group>"; };
		87A0D9B3285BAF42006D0D3B /* Recored.xcdatamodel */ = {isa = PBXFileReference; lastKnownFileType = wrapper.xcdatamodel; path = Recored.xcdatamodel; sourceTree = "<group>"; };
		87FB281C285A04680036A5BB /* Screenshot.swift */ = {isa = PBXFileReference; lastKnownFileType = sourcecode.swift; path = Screenshot.swift; sourceTree = "<group>"; };
		A01413212855F4E60000EA59 /* HomeView.swift */ = {isa = PBXFileReference; lastKnownFileType = sourcecode.swift; path = HomeView.swift; sourceTree = "<group>"; };
		B277EC142859A671001A97B1 /* Carousel.swift */ = {isa = PBXFileReference; fileEncoding = 4; lastKnownFileType = sourcecode.swift; path = Carousel.swift; sourceTree = "<group>"; };
		B277EC162859A679001A97B1 /* CdListView.swift */ = {isa = PBXFileReference; fileEncoding = 4; lastKnownFileType = sourcecode.swift; path = CdListView.swift; sourceTree = "<group>"; };
		B29723AF285B192C0065FD36 /* SnapCarouselView.swift */ = {isa = PBXFileReference; lastKnownFileType = sourcecode.swift; path = SnapCarouselView.swift; sourceTree = "<group>"; };
/* End PBXFileReference section */

/* Begin PBXFrameworksBuildPhase section */
		794AD0002851EEA700414667 /* Frameworks */ = {
			isa = PBXFrameworksBuildPhase;
			buildActionMask = 2147483647;
			files = (
			);
			runOnlyForDeploymentPostprocessing = 0;
		};
/* End PBXFrameworksBuildPhase section */

/* Begin PBXGroup section */
		790FF149285AFF9100931CCF /* JSON */ = {
			isa = PBXGroup;
			children = (
				790FF14A285B008A00931CCF /* MusicList.json */,
			);
			path = JSON;
			sourceTree = "<group>";
		};
		794ACFFA2851EEA700414667 = {
			isa = PBXGroup;
			children = (
				8715A79E2855B775001AB4F5 /* Extension.swift */,
				8715A7992855477D001AB4F5 /* Model */,
				794AD0052851EEA700414667 /* Recorder */,
				794AD0042851EEA700414667 /* Products */,
			);
			sourceTree = "<group>";
		};
		794AD0042851EEA700414667 /* Products */ = {
			isa = PBXGroup;
			children = (
				794AD0032851EEA700414667 /* Recorder.app */,
			);
			name = Products;
			sourceTree = "<group>";
		};
		794AD0052851EEA700414667 /* Recorder */ = {
			isa = PBXGroup;
			children = (
				794AD0062851EEA700414667 /* RecorderApp.swift */,
				A01413212855F4E60000EA59 /* HomeView.swift */,
				B277EC162859A679001A97B1 /* CdListView.swift */,
				B29723AF285B192C0065FD36 /* SnapCarouselView.swift */,
				B277EC142859A671001A97B1 /* Carousel.swift */,
				794AD0082851EEA700414667 /* ContentView.swift */,
				8715A797285531AB001AB4F5 /* SearchView.swift */,
				876BC4A22857189D009ACC90 /* TestSoiView.swift */,
				7906EFEC28577D950064056F /* WriteView.swift */,
				7949F34D285B88120093579B /* WritingModalView.swift */,
				79418F7A2858C17C00F844BD /* ImagePicker.swift */,
				13C0E4A128573795004ABE1D /* RecordDetailView.swift */,
				790FF149285AFF9100931CCF /* JSON */,
				794AD00A2851EEA900414667 /* Assets.xcassets */,
				794AD00C2851EEA900414667 /* Preview Content */,
				8715A79C2855B5AC001AB4F5 /* Colors.xcassets */,
				13E0DA9F285A3764008714A6 /* RecordUIView.swift */,
			);
			path = Recorder;
			sourceTree = "<group>";
		};
		794AD00C2851EEA900414667 /* Preview Content */ = {
			isa = PBXGroup;
			children = (
				794AD00D2851EEA900414667 /* Preview Assets.xcassets */,
			);
			path = "Preview Content";
			sourceTree = "<group>";
		};
		8715A7992855477D001AB4F5 /* Model */ = {
			isa = PBXGroup;
			children = (
				8715A79A2855479E001AB4F5 /* MusicAPI.swift */,
				87FB281C285A04680036A5BB /* Screenshot.swift */,
				87A0D9B0285BAEF8006D0D3B /* Persistence.swift */,
				87A0D9B2285BAF42006D0D3B /* Recorder.xcdatamodeld */,
			);
			path = Model;
			sourceTree = "<group>";
		};
/* End PBXGroup section */

/* Begin PBXNativeTarget section */
		794AD0022851EEA700414667 /* Recorder */ = {
			isa = PBXNativeTarget;
			buildConfigurationList = 794AD0112851EEA900414667 /* Build configuration list for PBXNativeTarget "Recorder" */;
			buildPhases = (
				794ACFFF2851EEA700414667 /* Sources */,
				794AD0002851EEA700414667 /* Frameworks */,
				794AD0012851EEA700414667 /* Resources */,
			);
			buildRules = (
			);
			dependencies = (
			);
			name = Recorder;
			productName = Recorder;
			productReference = 794AD0032851EEA700414667 /* Recorder.app */;
			productType = "com.apple.product-type.application";
		};
/* End PBXNativeTarget section */

/* Begin PBXProject section */
		794ACFFB2851EEA700414667 /* Project object */ = {
			isa = PBXProject;
			attributes = {
				BuildIndependentTargetsInParallel = 1;
				LastSwiftUpdateCheck = 1340;
				LastUpgradeCheck = 1340;
				TargetAttributes = {
					794AD0022851EEA700414667 = {
						CreatedOnToolsVersion = 13.4.1;
					};
				};
			};
			buildConfigurationList = 794ACFFE2851EEA700414667 /* Build configuration list for PBXProject "Recorder" */;
			compatibilityVersion = "Xcode 13.0";
			developmentRegion = en;
			hasScannedForEncodings = 0;
			knownRegions = (
				en,
				Base,
			);
			mainGroup = 794ACFFA2851EEA700414667;
			productRefGroup = 794AD0042851EEA700414667 /* Products */;
			projectDirPath = "";
			projectRoot = "";
			targets = (
				794AD0022851EEA700414667 /* Recorder */,
			);
		};
/* End PBXProject section */

/* Begin PBXResourcesBuildPhase section */
		794AD0012851EEA700414667 /* Resources */ = {
			isa = PBXResourcesBuildPhase;
			buildActionMask = 2147483647;
			files = (
				8715A79D2855B5AC001AB4F5 /* Colors.xcassets in Resources */,
				794AD00E2851EEA900414667 /* Preview Assets.xcassets in Resources */,
				790FF14B285B008A00931CCF /* MusicList.json in Resources */,
				794AD00B2851EEA900414667 /* Assets.xcassets in Resources */,
			);
			runOnlyForDeploymentPostprocessing = 0;
		};
/* End PBXResourcesBuildPhase section */

/* Begin PBXSourcesBuildPhase section */
		794ACFFF2851EEA700414667 /* Sources */ = {
			isa = PBXSourcesBuildPhase;
			buildActionMask = 2147483647;
			files = (
				B277EC172859A679001A97B1 /* CdListView.swift in Sources */,
				A01413222855F4E60000EA59 /* HomeView.swift in Sources */,
				8715A79F2855B775001AB4F5 /* Extension.swift in Sources */,
				B29723B0285B192C0065FD36 /* SnapCarouselView.swift in Sources */,
				87FB281D285A04680036A5BB /* Screenshot.swift in Sources */,
				8715A79B2855479E001AB4F5 /* MusicAPI.swift in Sources */,
				87A0D9B4285BAF42006D0D3B /* Recorder.xcdatamodeld in Sources */,
				13E0DAA0285A3764008714A6 /* RecordUIView.swift in Sources */,
				876BC4A32857189D009ACC90 /* TestSoiView.swift in Sources */,
				B277EC152859A671001A97B1 /* Carousel.swift in Sources */,
				794AD0092851EEA700414667 /* ContentView.swift in Sources */,
				8715A798285531AB001AB4F5 /* SearchView.swift in Sources */,
				87A0D9B1285BAEF8006D0D3B /* Persistence.swift in Sources */,
				13C0E4A228573795004ABE1D /* RecordDetailView.swift in Sources */,
				79418F7B2858C17C00F844BD /* ImagePicker.swift in Sources */,
				7949F34E285B88120093579B /* WritingModalView.swift in Sources */,
				794AD0072851EEA700414667 /* RecorderApp.swift in Sources */,
				7906EFED28577D950064056F /* WriteView.swift in Sources */,
			);
			runOnlyForDeploymentPostprocessing = 0;
		};
/* End PBXSourcesBuildPhase section */

/* Begin XCBuildConfiguration section */
		794AD00F2851EEA900414667 /* Debug */ = {
			isa = XCBuildConfiguration;
			buildSettings = {
				ALWAYS_SEARCH_USER_PATHS = NO;
				CLANG_ANALYZER_NONNULL = YES;
				CLANG_ANALYZER_NUMBER_OBJECT_CONVERSION = YES_AGGRESSIVE;
				CLANG_CXX_LANGUAGE_STANDARD = "gnu++17";
				CLANG_ENABLE_MODULES = YES;
				CLANG_ENABLE_OBJC_ARC = YES;
				CLANG_ENABLE_OBJC_WEAK = YES;
				CLANG_WARN_BLOCK_CAPTURE_AUTORELEASING = YES;
				CLANG_WARN_BOOL_CONVERSION = YES;
				CLANG_WARN_COMMA = YES;
				CLANG_WARN_CONSTANT_CONVERSION = YES;
				CLANG_WARN_DEPRECATED_OBJC_IMPLEMENTATIONS = YES;
				CLANG_WARN_DIRECT_OBJC_ISA_USAGE = YES_ERROR;
				CLANG_WARN_DOCUMENTATION_COMMENTS = YES;
				CLANG_WARN_EMPTY_BODY = YES;
				CLANG_WARN_ENUM_CONVERSION = YES;
				CLANG_WARN_INFINITE_RECURSION = YES;
				CLANG_WARN_INT_CONVERSION = YES;
				CLANG_WARN_NON_LITERAL_NULL_CONVERSION = YES;
				CLANG_WARN_OBJC_IMPLICIT_RETAIN_SELF = YES;
				CLANG_WARN_OBJC_LITERAL_CONVERSION = YES;
				CLANG_WARN_OBJC_ROOT_CLASS = YES_ERROR;
				CLANG_WARN_QUOTED_INCLUDE_IN_FRAMEWORK_HEADER = YES;
				CLANG_WARN_RANGE_LOOP_ANALYSIS = YES;
				CLANG_WARN_STRICT_PROTOTYPES = YES;
				CLANG_WARN_SUSPICIOUS_MOVE = YES;
				CLANG_WARN_UNGUARDED_AVAILABILITY = YES_AGGRESSIVE;
				CLANG_WARN_UNREACHABLE_CODE = YES;
				CLANG_WARN__DUPLICATE_METHOD_MATCH = YES;
				COPY_PHASE_STRIP = NO;
				DEBUG_INFORMATION_FORMAT = dwarf;
				ENABLE_STRICT_OBJC_MSGSEND = YES;
				ENABLE_TESTABILITY = YES;
				GCC_C_LANGUAGE_STANDARD = gnu11;
				GCC_DYNAMIC_NO_PIC = NO;
				GCC_NO_COMMON_BLOCKS = YES;
				GCC_OPTIMIZATION_LEVEL = 0;
				GCC_PREPROCESSOR_DEFINITIONS = (
					"DEBUG=1",
					"$(inherited)",
				);
				GCC_WARN_64_TO_32_BIT_CONVERSION = YES;
				GCC_WARN_ABOUT_RETURN_TYPE = YES_ERROR;
				GCC_WARN_UNDECLARED_SELECTOR = YES;
				GCC_WARN_UNINITIALIZED_AUTOS = YES_AGGRESSIVE;
				GCC_WARN_UNUSED_FUNCTION = YES;
				GCC_WARN_UNUSED_VARIABLE = YES;
				IPHONEOS_DEPLOYMENT_TARGET = 15.5;
				MTL_ENABLE_DEBUG_INFO = INCLUDE_SOURCE;
				MTL_FAST_MATH = YES;
				ONLY_ACTIVE_ARCH = YES;
				SDKROOT = iphoneos;
				SWIFT_ACTIVE_COMPILATION_CONDITIONS = DEBUG;
				SWIFT_OPTIMIZATION_LEVEL = "-Onone";
			};
			name = Debug;
		};
		794AD0102851EEA900414667 /* Release */ = {
			isa = XCBuildConfiguration;
			buildSettings = {
				ALWAYS_SEARCH_USER_PATHS = NO;
				CLANG_ANALYZER_NONNULL = YES;
				CLANG_ANALYZER_NUMBER_OBJECT_CONVERSION = YES_AGGRESSIVE;
				CLANG_CXX_LANGUAGE_STANDARD = "gnu++17";
				CLANG_ENABLE_MODULES = YES;
				CLANG_ENABLE_OBJC_ARC = YES;
				CLANG_ENABLE_OBJC_WEAK = YES;
				CLANG_WARN_BLOCK_CAPTURE_AUTORELEASING = YES;
				CLANG_WARN_BOOL_CONVERSION = YES;
				CLANG_WARN_COMMA = YES;
				CLANG_WARN_CONSTANT_CONVERSION = YES;
				CLANG_WARN_DEPRECATED_OBJC_IMPLEMENTATIONS = YES;
				CLANG_WARN_DIRECT_OBJC_ISA_USAGE = YES_ERROR;
				CLANG_WARN_DOCUMENTATION_COMMENTS = YES;
				CLANG_WARN_EMPTY_BODY = YES;
				CLANG_WARN_ENUM_CONVERSION = YES;
				CLANG_WARN_INFINITE_RECURSION = YES;
				CLANG_WARN_INT_CONVERSION = YES;
				CLANG_WARN_NON_LITERAL_NULL_CONVERSION = YES;
				CLANG_WARN_OBJC_IMPLICIT_RETAIN_SELF = YES;
				CLANG_WARN_OBJC_LITERAL_CONVERSION = YES;
				CLANG_WARN_OBJC_ROOT_CLASS = YES_ERROR;
				CLANG_WARN_QUOTED_INCLUDE_IN_FRAMEWORK_HEADER = YES;
				CLANG_WARN_RANGE_LOOP_ANALYSIS = YES;
				CLANG_WARN_STRICT_PROTOTYPES = YES;
				CLANG_WARN_SUSPICIOUS_MOVE = YES;
				CLANG_WARN_UNGUARDED_AVAILABILITY = YES_AGGRESSIVE;
				CLANG_WARN_UNREACHABLE_CODE = YES;
				CLANG_WARN__DUPLICATE_METHOD_MATCH = YES;
				COPY_PHASE_STRIP = NO;
				DEBUG_INFORMATION_FORMAT = "dwarf-with-dsym";
				ENABLE_NS_ASSERTIONS = NO;
				ENABLE_STRICT_OBJC_MSGSEND = YES;
				GCC_C_LANGUAGE_STANDARD = gnu11;
				GCC_NO_COMMON_BLOCKS = YES;
				GCC_WARN_64_TO_32_BIT_CONVERSION = YES;
				GCC_WARN_ABOUT_RETURN_TYPE = YES_ERROR;
				GCC_WARN_UNDECLARED_SELECTOR = YES;
				GCC_WARN_UNINITIALIZED_AUTOS = YES_AGGRESSIVE;
				GCC_WARN_UNUSED_FUNCTION = YES;
				GCC_WARN_UNUSED_VARIABLE = YES;
				IPHONEOS_DEPLOYMENT_TARGET = 15.5;
				MTL_ENABLE_DEBUG_INFO = NO;
				MTL_FAST_MATH = YES;
				SDKROOT = iphoneos;
				SWIFT_COMPILATION_MODE = wholemodule;
				SWIFT_OPTIMIZATION_LEVEL = "-O";
				VALIDATE_PRODUCT = YES;
			};
			name = Release;
		};
		794AD0122851EEA900414667 /* Debug */ = {
			isa = XCBuildConfiguration;
			buildSettings = {
				ASSETCATALOG_COMPILER_APPICON_NAME = AppIcon;
				ASSETCATALOG_COMPILER_GLOBAL_ACCENT_COLOR_NAME = AccentColor;
				CODE_SIGN_STYLE = Automatic;
				CURRENT_PROJECT_VERSION = 1;
				DEVELOPMENT_ASSET_PATHS = "\"Recorder/Preview Content\"";
				DEVELOPMENT_TEAM = 8HXUXMV396;
				ENABLE_PREVIEWS = YES;
				GENERATE_INFOPLIST_FILE = YES;
				INFOPLIST_KEY_NSPhotoLibraryUsageDescription = "please access photo";
				INFOPLIST_KEY_UIApplicationSceneManifest_Generation = YES;
				INFOPLIST_KEY_UIApplicationSupportsIndirectInputEvents = YES;
				INFOPLIST_KEY_UILaunchScreen_Generation = YES;
				INFOPLIST_KEY_UISupportedInterfaceOrientations_iPad = "UIInterfaceOrientationPortrait UIInterfaceOrientationPortraitUpsideDown UIInterfaceOrientationLandscapeLeft UIInterfaceOrientationLandscapeRight";
				INFOPLIST_KEY_UISupportedInterfaceOrientations_iPhone = "UIInterfaceOrientationPortrait UIInterfaceOrientationLandscapeLeft UIInterfaceOrientationLandscapeRight";
				LD_RUNPATH_SEARCH_PATHS = (
					"$(inherited)",
					"@executable_path/Frameworks",
				);
				MARKETING_VERSION = 1.0;
				PRODUCT_BUNDLE_IDENTIFIER = com.yung.Recorder;
				PRODUCT_NAME = "$(TARGET_NAME)";
				SWIFT_EMIT_LOC_STRINGS = YES;
				SWIFT_VERSION = 5.0;
				TARGETED_DEVICE_FAMILY = "1,2";
			};
			name = Debug;
		};
		794AD0132851EEA900414667 /* Release */ = {
			isa = XCBuildConfiguration;
			buildSettings = {
				ASSETCATALOG_COMPILER_APPICON_NAME = AppIcon;
				ASSETCATALOG_COMPILER_GLOBAL_ACCENT_COLOR_NAME = AccentColor;
				CODE_SIGN_STYLE = Automatic;
				CURRENT_PROJECT_VERSION = 1;
				DEVELOPMENT_ASSET_PATHS = "\"Recorder/Preview Content\"";
				DEVELOPMENT_TEAM = 8HXUXMV396;
				ENABLE_PREVIEWS = YES;
				GENERATE_INFOPLIST_FILE = YES;
				INFOPLIST_KEY_NSPhotoLibraryUsageDescription = "please access photo";
				INFOPLIST_KEY_UIApplicationSceneManifest_Generation = YES;
				INFOPLIST_KEY_UIApplicationSupportsIndirectInputEvents = YES;
				INFOPLIST_KEY_UILaunchScreen_Generation = YES;
				INFOPLIST_KEY_UISupportedInterfaceOrientations_iPad = "UIInterfaceOrientationPortrait UIInterfaceOrientationPortraitUpsideDown UIInterfaceOrientationLandscapeLeft UIInterfaceOrientationLandscapeRight";
				INFOPLIST_KEY_UISupportedInterfaceOrientations_iPhone = "UIInterfaceOrientationPortrait UIInterfaceOrientationLandscapeLeft UIInterfaceOrientationLandscapeRight";
				LD_RUNPATH_SEARCH_PATHS = (
					"$(inherited)",
					"@executable_path/Frameworks",
				);
				MARKETING_VERSION = 1.0;
				PRODUCT_BUNDLE_IDENTIFIER = com.yung.Recorder;
				PRODUCT_NAME = "$(TARGET_NAME)";
				SWIFT_EMIT_LOC_STRINGS = YES;
				SWIFT_VERSION = 5.0;
				TARGETED_DEVICE_FAMILY = "1,2";
			};
			name = Release;
		};
/* End XCBuildConfiguration section */

/* Begin XCConfigurationList section */
		794ACFFE2851EEA700414667 /* Build configuration list for PBXProject "Recorder" */ = {
			isa = XCConfigurationList;
			buildConfigurations = (
				794AD00F2851EEA900414667 /* Debug */,
				794AD0102851EEA900414667 /* Release */,
			);
			defaultConfigurationIsVisible = 0;
			defaultConfigurationName = Release;
		};
		794AD0112851EEA900414667 /* Build configuration list for PBXNativeTarget "Recorder" */ = {
			isa = XCConfigurationList;
			buildConfigurations = (
				794AD0122851EEA900414667 /* Debug */,
				794AD0132851EEA900414667 /* Release */,
			);
			defaultConfigurationIsVisible = 0;
			defaultConfigurationName = Release;
		};
/* End XCConfigurationList section */

/* Begin XCVersionGroup section */
		87A0D9B2285BAF42006D0D3B /* Recorder.xcdatamodeld */ = {
			isa = XCVersionGroup;
			children = (
				87A0D9B3285BAF42006D0D3B /* Recored.xcdatamodel */,
			);
			currentVersion = 87A0D9B3285BAF42006D0D3B /* Recored.xcdatamodel */;
			path = Recorder.xcdatamodeld;
			sourceTree = "<group>";
			versionGroupType = wrapper.xcdatamodel;
		};
/* End XCVersionGroup section */
	};
	rootObject = 794ACFFB2851EEA700414667 /* Project object */;
}
